// !$*UTF8*$!
{
	archiveVersion = 1;
	classes = {
	};
	objectVersion = 46;
	objects = {

/* Begin PBXBuildFile section */
		400C379A1B79AD5400F815CC /* progressHUD.swift in Sources */ = {isa = PBXBuildFile; fileRef = 400C37991B79AD5400F815CC /* progressHUD.swift */; };
		40210FDC1B7B2D7E004A6F8F /* Network.swift in Sources */ = {isa = PBXBuildFile; fileRef = 40210FDB1B7B2D7E004A6F8F /* Network.swift */; };
		4023862B1B8EEF660071AF3B /* YNHomePageViewController.swift in Sources */ = {isa = PBXBuildFile; fileRef = 4023862A1B8EEF660071AF3B /* YNHomePageViewController.swift */; };
		404F560F1BA28170009E841C /* YNPorterhouseDetailView.swift in Sources */ = {isa = PBXBuildFile; fileRef = 404F56081BA28170009E841C /* YNPorterhouseDetailView.swift */; };
		404F56101BA28170009E841C /* YNDishTableViewCell.swift in Sources */ = {isa = PBXBuildFile; fileRef = 404F560A1BA28170009E841C /* YNDishTableViewCell.swift */; };
		404F56111BA28170009E841C /* YNPorterhouseOrderView.swift in Sources */ = {isa = PBXBuildFile; fileRef = 404F560B1BA28170009E841C /* YNPorterhouseOrderView.swift */; };
		404F56121BA28170009E841C /* YNTypeTableViewCell.swift in Sources */ = {isa = PBXBuildFile; fileRef = 404F560C1BA28170009E841C /* YNTypeTableViewCell.swift */; };
		404F56131BA28170009E841C /* YNPorterhouseValuationView.swift in Sources */ = {isa = PBXBuildFile; fileRef = 404F560E1BA28170009E841C /* YNPorterhouseValuationView.swift */; };
		404F56151BA281B2009E841C /* YNPriceView.swift in Sources */ = {isa = PBXBuildFile; fileRef = 404F56141BA281B2009E841C /* YNPriceView.swift */; };
		404F56171BA28201009E841C /* YNCartView.swift in Sources */ = {isa = PBXBuildFile; fileRef = 404F56161BA28201009E841C /* YNCartView.swift */; };
		4051A0D11B734CDB00D07DA5 /* AppDelegate.swift in Sources */ = {isa = PBXBuildFile; fileRef = 4051A0D01B734CDB00D07DA5 /* AppDelegate.swift */; };
		4051A0D31B734CDB00D07DA5 /* ViewController.swift in Sources */ = {isa = PBXBuildFile; fileRef = 4051A0D21B734CDB00D07DA5 /* ViewController.swift */; };
		4051A0D61B734CDB00D07DA5 /* Main.storyboard in Resources */ = {isa = PBXBuildFile; fileRef = 4051A0D41B734CDB00D07DA5 /* Main.storyboard */; };
		4051A0D81B734CDB00D07DA5 /* Images.xcassets in Resources */ = {isa = PBXBuildFile; fileRef = 4051A0D71B734CDB00D07DA5 /* Images.xcassets */; };
		4051A0DB1B734CDB00D07DA5 /* LaunchScreen.xib in Resources */ = {isa = PBXBuildFile; fileRef = 4051A0D91B734CDB00D07DA5 /* LaunchScreen.xib */; };
		4051A0E71B734CDB00D07DA5 /* _015_08_06Tests.swift in Sources */ = {isa = PBXBuildFile; fileRef = 4051A0E61B734CDB00D07DA5 /* _015_08_06Tests.swift */; };
		4051A0F51B734E4B00D07DA5 /* YNRootTabBarController.swift in Sources */ = {isa = PBXBuildFile; fileRef = 4051A0F41B734E4B00D07DA5 /* YNRootTabBarController.swift */; };
		4051A0F71B734E7A00D07DA5 /* YNNavigationController.swift in Sources */ = {isa = PBXBuildFile; fileRef = 4051A0F61B734E7A00D07DA5 /* YNNavigationController.swift */; };
		4051A1071B735FE300D07DA5 /* YNActivityViewController.swift in Sources */ = {isa = PBXBuildFile; fileRef = 4051A1061B735FE300D07DA5 /* YNActivityViewController.swift */; };
		4051A10B1B73603F00D07DA5 /* YNMeViewController.swift in Sources */ = {isa = PBXBuildFile; fileRef = 4051A10A1B73603F00D07DA5 /* YNMeViewController.swift */; };
		4051A10D1B73605400D07DA5 /* YNNearbyViewController.swift in Sources */ = {isa = PBXBuildFile; fileRef = 4051A10C1B73605400D07DA5 /* YNNearbyViewController.swift */; };
		407C7B651B74497A00B92F54 /* YNCycleRingViewController.swift in Sources */ = {isa = PBXBuildFile; fileRef = 407C7B621B74497A00B92F54 /* YNCycleRingViewController.swift */; };
		407C7B681B7449E800B92F54 /* YNSignUpViewController.swift in Sources */ = {isa = PBXBuildFile; fileRef = 407C7B671B7449E800B92F54 /* YNSignUpViewController.swift */; };
		407C7B6A1B744A1500B92F54 /* YNSignInViewController.swift in Sources */ = {isa = PBXBuildFile; fileRef = 407C7B691B744A1500B92F54 /* YNSignInViewController.swift */; };
		407C7B6C1B749CDB00B92F54 /* YNTestFiledExtension.swift in Sources */ = {isa = PBXBuildFile; fileRef = 407C7B6B1B749CDB00B92F54 /* YNTestFiledExtension.swift */; };
		407C7B6E1B74A9A600B92F54 /* Macro.swift in Sources */ = {isa = PBXBuildFile; fileRef = 407C7B6D1B74A9A600B92F54 /* Macro.swift */; };
		408025851B9440DC0039ACD1 /* YNOrderViewController.swift in Sources */ = {isa = PBXBuildFile; fileRef = 408025841B9440DC0039ACD1 /* YNOrderViewController.swift */; };
		4080258B1B9445510039ACD1 /* YNCycleCollectionViewCell.swift in Sources */ = {isa = PBXBuildFile; fileRef = 408025891B9445510039ACD1 /* YNCycleCollectionViewCell.swift */; };
		4080258C1B9445510039ACD1 /* YNCycleView.swift in Sources */ = {isa = PBXBuildFile; fileRef = 4080258A1B9445510039ACD1 /* YNCycleView.swift */; };
		4080258F1B94456D0039ACD1 /* YNOrderTableViewCell.swift in Sources */ = {isa = PBXBuildFile; fileRef = 4080258E1B94456D0039ACD1 /* YNOrderTableViewCell.swift */; };
		408DE8D21B816DF5004C96A5 /* YNBaseAnnotation.swift in Sources */ = {isa = PBXBuildFile; fileRef = 408DE8CE1B816DF5004C96A5 /* YNBaseAnnotation.swift */; };
		408DE8D31B816DF5004C96A5 /* YNCallOutAnnotation.swift in Sources */ = {isa = PBXBuildFile; fileRef = 408DE8CF1B816DF5004C96A5 /* YNCallOutAnnotation.swift */; };
		408DE8D41B816DF5004C96A5 /* YNCallOutAnnotationView.swift in Sources */ = {isa = PBXBuildFile; fileRef = 408DE8D01B816DF5004C96A5 /* YNCallOutAnnotationView.swift */; };
		408DE8D51B816DF5004C96A5 /* YNLocationAnnotation.swift in Sources */ = {isa = PBXBuildFile; fileRef = 408DE8D11B816DF5004C96A5 /* YNLocationAnnotation.swift */; };
		408E05461B7DD2C900E22980 /* MapKit.framework in Frameworks */ = {isa = PBXBuildFile; fileRef = 408E05451B7DD2C900E22980 /* MapKit.framework */; };
		408E05481B7DD2DB00E22980 /* CoreLocation.framework in Frameworks */ = {isa = PBXBuildFile; fileRef = 408E05471B7DD2DB00E22980 /* CoreLocation.framework */; };
		409A168C1B86B97800D951B1 /* Restaurant.swift in Sources */ = {isa = PBXBuildFile; fileRef = 409A168B1B86B97800D951B1 /* Restaurant.swift */; };
		409A168F1B86D74D00D951B1 /* YNNearbyTitleView.swift in Sources */ = {isa = PBXBuildFile; fileRef = 409A168E1B86D74D00D951B1 /* YNNearbyTitleView.swift */; };
		409A16BF1B870EC900D951B1 /* YNCalloutContentView.swift in Sources */ = {isa = PBXBuildFile; fileRef = 409A16BE1B870EC900D951B1 /* YNCalloutContentView.swift */; };
		40AAEB2C1B9C2FBE009823C9 /* YNPorterhouseType.swift in Sources */ = {isa = PBXBuildFile; fileRef = 40AAEB2B1B9C2FBE009823C9 /* YNPorterhouseType.swift */; };
		40AAEB2E1B9C2FDE009823C9 /* YNPorterhouseDish.swift in Sources */ = {isa = PBXBuildFile; fileRef = 40AAEB2D1B9C2FDE009823C9 /* YNPorterhouseDish.swift */; };
		40AB8CAA1B9693A000C63F2D /* dishs.plist in Resources */ = {isa = PBXBuildFile; fileRef = 40AB8CA91B9693A000C63F2D /* dishs.plist */; };
		40AB8CAD1B96AED700C63F2D /* YNPorterhouseTopListView.swift in Sources */ = {isa = PBXBuildFile; fileRef = 40AB8CAC1B96AED700C63F2D /* YNPorterhouseTopListView.swift */; };
		40F1C3B11B9553D6005A3BB4 /* Layout.swift in Sources */ = {isa = PBXBuildFile; fileRef = 40F1C3B01B9553D6005A3BB4 /* Layout.swift */; };
		40F1C3B31B95851A005A3BB4 /* Location.swift in Sources */ = {isa = PBXBuildFile; fileRef = 40F1C3B21B95851A005A3BB4 /* Location.swift */; };
		40F1C3B51B95ADB7005A3BB4 /* YNPorterhouseViewController.swift in Sources */ = {isa = PBXBuildFile; fileRef = 40F1C3B41B95ADB7005A3BB4 /* YNPorterhouseViewController.swift */; };
		40F2EE8C1B785E1B00CB4569 /* tools.swift in Sources */ = {isa = PBXBuildFile; fileRef = 40F2EE8B1B785E1B00CB4569 /* tools.swift */; };
/* End PBXBuildFile section */

/* Begin PBXContainerItemProxy section */
		4051A0E11B734CDB00D07DA5 /* PBXContainerItemProxy */ = {
			isa = PBXContainerItemProxy;
			containerPortal = 4051A0C31B734CDB00D07DA5 /* Project object */;
			proxyType = 1;
			remoteGlobalIDString = 4051A0CA1B734CDB00D07DA5;
			remoteInfo = "2015-08-06";
		};
/* End PBXContainerItemProxy section */

/* Begin PBXFileReference section */
		400C37991B79AD5400F815CC /* progressHUD.swift */ = {isa = PBXFileReference; fileEncoding = 4; lastKnownFileType = sourcecode.swift; path = progressHUD.swift; sourceTree = "<group>"; };
		40210FDB1B7B2D7E004A6F8F /* Network.swift */ = {isa = PBXFileReference; fileEncoding = 4; lastKnownFileType = sourcecode.swift; path = Network.swift; sourceTree = "<group>"; };
		4023862A1B8EEF660071AF3B /* YNHomePageViewController.swift */ = {isa = PBXFileReference; fileEncoding = 4; lastKnownFileType = sourcecode.swift; path = YNHomePageViewController.swift; sourceTree = "<group>"; };
		404F56081BA28170009E841C /* YNPorterhouseDetailView.swift */ = {isa = PBXFileReference; fileEncoding = 4; lastKnownFileType = sourcecode.swift; path = YNPorterhouseDetailView.swift; sourceTree = "<group>"; };
		404F560A1BA28170009E841C /* YNDishTableViewCell.swift */ = {isa = PBXFileReference; fileEncoding = 4; lastKnownFileType = sourcecode.swift; path = YNDishTableViewCell.swift; sourceTree = "<group>"; };
		404F560B1BA28170009E841C /* YNPorterhouseOrderView.swift */ = {isa = PBXFileReference; fileEncoding = 4; lastKnownFileType = sourcecode.swift; path = YNPorterhouseOrderView.swift; sourceTree = "<group>"; };
		404F560C1BA28170009E841C /* YNTypeTableViewCell.swift */ = {isa = PBXFileReference; fileEncoding = 4; lastKnownFileType = sourcecode.swift; path = YNTypeTableViewCell.swift; sourceTree = "<group>"; };
		404F560E1BA28170009E841C /* YNPorterhouseValuationView.swift */ = {isa = PBXFileReference; fileEncoding = 4; lastKnownFileType = sourcecode.swift; path = YNPorterhouseValuationView.swift; sourceTree = "<group>"; };
		404F56141BA281B2009E841C /* YNPriceView.swift */ = {isa = PBXFileReference; fileEncoding = 4; lastKnownFileType = sourcecode.swift; path = YNPriceView.swift; sourceTree = "<group>"; };
		404F56161BA28201009E841C /* YNCartView.swift */ = {isa = PBXFileReference; fileEncoding = 4; lastKnownFileType = sourcecode.swift; path = YNCartView.swift; sourceTree = "<group>"; };
		4051A0CB1B734CDB00D07DA5 /* 2015-08-06.app */ = {isa = PBXFileReference; explicitFileType = wrapper.application; includeInIndex = 0; path = "2015-08-06.app"; sourceTree = BUILT_PRODUCTS_DIR; };
		4051A0CF1B734CDB00D07DA5 /* Info.plist */ = {isa = PBXFileReference; lastKnownFileType = text.plist.xml; path = Info.plist; sourceTree = "<group>"; };
		4051A0D01B734CDB00D07DA5 /* AppDelegate.swift */ = {isa = PBXFileReference; lastKnownFileType = sourcecode.swift; path = AppDelegate.swift; sourceTree = "<group>"; };
		4051A0D21B734CDB00D07DA5 /* ViewController.swift */ = {isa = PBXFileReference; lastKnownFileType = sourcecode.swift; path = ViewController.swift; sourceTree = "<group>"; };
		4051A0D51B734CDB00D07DA5 /* Base */ = {isa = PBXFileReference; lastKnownFileType = file.storyboard; name = Base; path = Base.lproj/Main.storyboard; sourceTree = "<group>"; };
		4051A0D71B734CDB00D07DA5 /* Images.xcassets */ = {isa = PBXFileReference; lastKnownFileType = folder.assetcatalog; path = Images.xcassets; sourceTree = "<group>"; };
		4051A0DA1B734CDB00D07DA5 /* Base */ = {isa = PBXFileReference; lastKnownFileType = file.xib; name = Base; path = Base.lproj/LaunchScreen.xib; sourceTree = "<group>"; };
		4051A0E01B734CDB00D07DA5 /* 2015-08-06Tests.xctest */ = {isa = PBXFileReference; explicitFileType = wrapper.cfbundle; includeInIndex = 0; path = "2015-08-06Tests.xctest"; sourceTree = BUILT_PRODUCTS_DIR; };
		4051A0E51B734CDB00D07DA5 /* Info.plist */ = {isa = PBXFileReference; lastKnownFileType = text.plist.xml; path = Info.plist; sourceTree = "<group>"; };
		4051A0E61B734CDB00D07DA5 /* _015_08_06Tests.swift */ = {isa = PBXFileReference; lastKnownFileType = sourcecode.swift; path = _015_08_06Tests.swift; sourceTree = "<group>"; };
		4051A0F41B734E4B00D07DA5 /* YNRootTabBarController.swift */ = {isa = PBXFileReference; fileEncoding = 4; lastKnownFileType = sourcecode.swift; path = YNRootTabBarController.swift; sourceTree = "<group>"; };
		4051A0F61B734E7A00D07DA5 /* YNNavigationController.swift */ = {isa = PBXFileReference; fileEncoding = 4; lastKnownFileType = sourcecode.swift; path = YNNavigationController.swift; sourceTree = "<group>"; };
		4051A1061B735FE300D07DA5 /* YNActivityViewController.swift */ = {isa = PBXFileReference; fileEncoding = 4; lastKnownFileType = sourcecode.swift; path = YNActivityViewController.swift; sourceTree = "<group>"; };
		4051A10A1B73603F00D07DA5 /* YNMeViewController.swift */ = {isa = PBXFileReference; fileEncoding = 4; lastKnownFileType = sourcecode.swift; path = YNMeViewController.swift; sourceTree = "<group>"; };
		4051A10C1B73605400D07DA5 /* YNNearbyViewController.swift */ = {isa = PBXFileReference; fileEncoding = 4; lastKnownFileType = sourcecode.swift; path = YNNearbyViewController.swift; sourceTree = "<group>"; };
		407C7B621B74497A00B92F54 /* YNCycleRingViewController.swift */ = {isa = PBXFileReference; fileEncoding = 4; lastKnownFileType = sourcecode.swift; path = YNCycleRingViewController.swift; sourceTree = "<group>"; };
		407C7B671B7449E800B92F54 /* YNSignUpViewController.swift */ = {isa = PBXFileReference; fileEncoding = 4; lastKnownFileType = sourcecode.swift; path = YNSignUpViewController.swift; sourceTree = "<group>"; };
		407C7B691B744A1500B92F54 /* YNSignInViewController.swift */ = {isa = PBXFileReference; fileEncoding = 4; lastKnownFileType = sourcecode.swift; path = YNSignInViewController.swift; sourceTree = "<group>"; };
		407C7B6B1B749CDB00B92F54 /* YNTestFiledExtension.swift */ = {isa = PBXFileReference; fileEncoding = 4; lastKnownFileType = sourcecode.swift; path = YNTestFiledExtension.swift; sourceTree = "<group>"; };
		407C7B6D1B74A9A600B92F54 /* Macro.swift */ = {isa = PBXFileReference; fileEncoding = 4; lastKnownFileType = sourcecode.swift; path = Macro.swift; sourceTree = "<group>"; };
		408025841B9440DC0039ACD1 /* YNOrderViewController.swift */ = {isa = PBXFileReference; fileEncoding = 4; lastKnownFileType = sourcecode.swift; path = YNOrderViewController.swift; sourceTree = "<group>"; };
		408025891B9445510039ACD1 /* YNCycleCollectionViewCell.swift */ = {isa = PBXFileReference; fileEncoding = 4; lastKnownFileType = sourcecode.swift; path = YNCycleCollectionViewCell.swift; sourceTree = "<group>"; };
		4080258A1B9445510039ACD1 /* YNCycleView.swift */ = {isa = PBXFileReference; fileEncoding = 4; lastKnownFileType = sourcecode.swift; path = YNCycleView.swift; sourceTree = "<group>"; };
		4080258E1B94456D0039ACD1 /* YNOrderTableViewCell.swift */ = {isa = PBXFileReference; fileEncoding = 4; lastKnownFileType = sourcecode.swift; path = YNOrderTableViewCell.swift; sourceTree = "<group>"; };
		408DE8CE1B816DF5004C96A5 /* YNBaseAnnotation.swift */ = {isa = PBXFileReference; fileEncoding = 4; lastKnownFileType = sourcecode.swift; path = YNBaseAnnotation.swift; sourceTree = "<group>"; };
		408DE8CF1B816DF5004C96A5 /* YNCallOutAnnotation.swift */ = {isa = PBXFileReference; fileEncoding = 4; lastKnownFileType = sourcecode.swift; path = YNCallOutAnnotation.swift; sourceTree = "<group>"; };
		408DE8D01B816DF5004C96A5 /* YNCallOutAnnotationView.swift */ = {isa = PBXFileReference; fileEncoding = 4; lastKnownFileType = sourcecode.swift; path = YNCallOutAnnotationView.swift; sourceTree = "<group>"; };
		408DE8D11B816DF5004C96A5 /* YNLocationAnnotation.swift */ = {isa = PBXFileReference; fileEncoding = 4; lastKnownFileType = sourcecode.swift; path = YNLocationAnnotation.swift; sourceTree = "<group>"; };
		408E05451B7DD2C900E22980 /* MapKit.framework */ = {isa = PBXFileReference; lastKnownFileType = wrapper.framework; name = MapKit.framework; path = System/Library/Frameworks/MapKit.framework; sourceTree = SDKROOT; };
		408E05471B7DD2DB00E22980 /* CoreLocation.framework */ = {isa = PBXFileReference; lastKnownFileType = wrapper.framework; name = CoreLocation.framework; path = System/Library/Frameworks/CoreLocation.framework; sourceTree = SDKROOT; };
		409A168B1B86B97800D951B1 /* Restaurant.swift */ = {isa = PBXFileReference; fileEncoding = 4; lastKnownFileType = sourcecode.swift; path = Restaurant.swift; sourceTree = "<group>"; };
		409A168E1B86D74D00D951B1 /* YNNearbyTitleView.swift */ = {isa = PBXFileReference; fileEncoding = 4; lastKnownFileType = sourcecode.swift; path = YNNearbyTitleView.swift; sourceTree = "<group>"; };
		409A16BE1B870EC900D951B1 /* YNCalloutContentView.swift */ = {isa = PBXFileReference; fileEncoding = 4; lastKnownFileType = sourcecode.swift; path = YNCalloutContentView.swift; sourceTree = "<group>"; };
		40AAEB2B1B9C2FBE009823C9 /* YNPorterhouseType.swift */ = {isa = PBXFileReference; fileEncoding = 4; lastKnownFileType = sourcecode.swift; path = YNPorterhouseType.swift; sourceTree = "<group>"; };
		40AAEB2D1B9C2FDE009823C9 /* YNPorterhouseDish.swift */ = {isa = PBXFileReference; fileEncoding = 4; lastKnownFileType = sourcecode.swift; path = YNPorterhouseDish.swift; sourceTree = "<group>"; };
		40AB8CA91B9693A000C63F2D /* dishs.plist */ = {isa = PBXFileReference; fileEncoding = 4; lastKnownFileType = text.plist.xml; path = dishs.plist; sourceTree = "<group>"; };
		40AB8CAC1B96AED700C63F2D /* YNPorterhouseTopListView.swift */ = {isa = PBXFileReference; fileEncoding = 4; lastKnownFileType = sourcecode.swift; path = YNPorterhouseTopListView.swift; sourceTree = "<group>"; };
		40F1C3B01B9553D6005A3BB4 /* Layout.swift */ = {isa = PBXFileReference; fileEncoding = 4; lastKnownFileType = sourcecode.swift; path = Layout.swift; sourceTree = "<group>"; };
		40F1C3B21B95851A005A3BB4 /* Location.swift */ = {isa = PBXFileReference; fileEncoding = 4; lastKnownFileType = sourcecode.swift; path = Location.swift; sourceTree = "<group>"; };
		40F1C3B41B95ADB7005A3BB4 /* YNPorterhouseViewController.swift */ = {isa = PBXFileReference; fileEncoding = 4; lastKnownFileType = sourcecode.swift; path = YNPorterhouseViewController.swift; sourceTree = "<group>"; };
		40F2EE8B1B785E1B00CB4569 /* tools.swift */ = {isa = PBXFileReference; fileEncoding = 4; lastKnownFileType = sourcecode.swift; path = tools.swift; sourceTree = "<group>"; };
/* End PBXFileReference section */

/* Begin PBXFrameworksBuildPhase section */
		4051A0C81B734CDB00D07DA5 /* Frameworks */ = {
			isa = PBXFrameworksBuildPhase;
			buildActionMask = 2147483647;
			files = (
				408E05481B7DD2DB00E22980 /* CoreLocation.framework in Frameworks */,
				408E05461B7DD2C900E22980 /* MapKit.framework in Frameworks */,
			);
			runOnlyForDeploymentPostprocessing = 0;
		};
		4051A0DD1B734CDB00D07DA5 /* Frameworks */ = {
			isa = PBXFrameworksBuildPhase;
			buildActionMask = 2147483647;
			files = (
			);
			runOnlyForDeploymentPostprocessing = 0;
		};
/* End PBXFrameworksBuildPhase section */

/* Begin PBXGroup section */
		402386271B8EEF390071AF3B /* Controller */ = {
			isa = PBXGroup;
			children = (
				4023862A1B8EEF660071AF3B /* YNHomePageViewController.swift */,
				408025841B9440DC0039ACD1 /* YNOrderViewController.swift */,
				40F1C3B41B95ADB7005A3BB4 /* YNPorterhouseViewController.swift */,
			);
			path = Controller;
			sourceTree = "<group>";
		};
		402386281B8EEF390071AF3B /* Model */ = {
			isa = PBXGroup;
			children = (
				40AAEB2A1B9C2FBE009823C9 /* porterhouse */,
			);
			path = Model;
			sourceTree = "<group>";
		};
		402386291B8EEF390071AF3B /* View */ = {
			isa = PBXGroup;
			children = (
				40AB8CAB1B96AD8700C63F2D /* porterhouse */,
				4080258D1B94456D0039ACD1 /* order */,
				408025881B9445510039ACD1 /* cycle view */,
			);
			path = View;
			sourceTree = "<group>";
		};
		404F56071BA28170009E841C /* detail */ = {
			isa = PBXGroup;
			children = (
				404F56081BA28170009E841C /* YNPorterhouseDetailView.swift */,
			);
			path = detail;
			sourceTree = "<group>";
		};
		404F56091BA28170009E841C /* order */ = {
			isa = PBXGroup;
			children = (
				404F560B1BA28170009E841C /* YNPorterhouseOrderView.swift */,
				404F560A1BA28170009E841C /* YNDishTableViewCell.swift */,
				404F560C1BA28170009E841C /* YNTypeTableViewCell.swift */,
				404F56141BA281B2009E841C /* YNPriceView.swift */,
				404F56161BA28201009E841C /* YNCartView.swift */,
			);
			path = order;
			sourceTree = "<group>";
		};
		404F560D1BA28170009E841C /* valuation */ = {
			isa = PBXGroup;
			children = (
				404F560E1BA28170009E841C /* YNPorterhouseValuationView.swift */,
			);
			path = valuation;
			sourceTree = "<group>";
		};
		4051A0C21B734CDB00D07DA5 = {
			isa = PBXGroup;
			children = (
				4051A0CD1B734CDB00D07DA5 /* 2015-08-06 */,
				4051A0E31B734CDB00D07DA5 /* 2015-08-06Tests */,
				4051A0CC1B734CDB00D07DA5 /* Products */,
			);
			sourceTree = "<group>";
		};
		4051A0CC1B734CDB00D07DA5 /* Products */ = {
			isa = PBXGroup;
			children = (
				4051A0CB1B734CDB00D07DA5 /* 2015-08-06.app */,
				4051A0E01B734CDB00D07DA5 /* 2015-08-06Tests.xctest */,
			);
			name = Products;
			sourceTree = "<group>";
		};
		4051A0CD1B734CDB00D07DA5 /* 2015-08-06 */ = {
			isa = PBXGroup;
			children = (
				40AB8CA81B96935400C63F2D /* tempData */,
				4051A0F01B734D9400D07DA5 /* class */,
				4051A0D01B734CDB00D07DA5 /* AppDelegate.swift */,
				4051A0D21B734CDB00D07DA5 /* ViewController.swift */,
				4051A0D41B734CDB00D07DA5 /* Main.storyboard */,
				4051A0D71B734CDB00D07DA5 /* Images.xcassets */,
				4051A0D91B734CDB00D07DA5 /* LaunchScreen.xib */,
				4051A0CE1B734CDB00D07DA5 /* Supporting Files */,
				408E05491B7DD33E00E22980 /* Framework */,
			);
			path = "2015-08-06";
			sourceTree = "<group>";
		};
		4051A0CE1B734CDB00D07DA5 /* Supporting Files */ = {
			isa = PBXGroup;
			children = (
				4051A0CF1B734CDB00D07DA5 /* Info.plist */,
			);
			name = "Supporting Files";
			sourceTree = "<group>";
		};
		4051A0E31B734CDB00D07DA5 /* 2015-08-06Tests */ = {
			isa = PBXGroup;
			children = (
				4051A0E61B734CDB00D07DA5 /* _015_08_06Tests.swift */,
				4051A0E41B734CDB00D07DA5 /* Supporting Files */,
			);
			path = "2015-08-06Tests";
			sourceTree = "<group>";
		};
		4051A0E41B734CDB00D07DA5 /* Supporting Files */ = {
			isa = PBXGroup;
			children = (
				4051A0E51B734CDB00D07DA5 /* Info.plist */,
			);
			name = "Supporting Files";
			sourceTree = "<group>";
		};
		4051A0F01B734D9400D07DA5 /* class */ = {
			isa = PBXGroup;
			children = (
				4051A0F31B734E4B00D07DA5 /* root controller */,
				4051A0FE1B735F3C00D07DA5 /* homePage */,
				4051A0FC1B735F3C00D07DA5 /* activity */,
				4051A0FD1B735F3C00D07DA5 /* circleRing */,
				4051A0FF1B735F3C00D07DA5 /* me */,
				4051A1001B735F3C00D07DA5 /* nearby */,
				4051A1011B735F3C00D07DA5 /* tool */,
			);
			path = class;
			sourceTree = "<group>";
		};
		4051A0F31B734E4B00D07DA5 /* root controller */ = {
			isa = PBXGroup;
			children = (
				4051A0F41B734E4B00D07DA5 /* YNRootTabBarController.swift */,
				4051A0F61B734E7A00D07DA5 /* YNNavigationController.swift */,
			);
			path = "root controller";
			sourceTree = "<group>";
		};
		4051A0FC1B735F3C00D07DA5 /* activity */ = {
			isa = PBXGroup;
			children = (
				4051A1061B735FE300D07DA5 /* YNActivityViewController.swift */,
			);
			path = activity;
			sourceTree = "<group>";
		};
		4051A0FD1B735F3C00D07DA5 /* circleRing */ = {
			isa = PBXGroup;
			children = (
				407C7B611B74497A00B92F54 /* controller */,
				407C7B631B74497A00B92F54 /* model */,
				407C7B641B74497A00B92F54 /* view */,
			);
			path = circleRing;
			sourceTree = "<group>";
		};
		4051A0FE1B735F3C00D07DA5 /* homePage */ = {
			isa = PBXGroup;
			children = (
				402386271B8EEF390071AF3B /* Controller */,
				402386281B8EEF390071AF3B /* Model */,
				402386291B8EEF390071AF3B /* View */,
			);
			path = homePage;
			sourceTree = "<group>";
		};
		4051A0FF1B735F3C00D07DA5 /* me */ = {
			isa = PBXGroup;
			children = (
				4051A10A1B73603F00D07DA5 /* YNMeViewController.swift */,
			);
			path = me;
			sourceTree = "<group>";
		};
		4051A1001B735F3C00D07DA5 /* nearby */ = {
			isa = PBXGroup;
			children = (
				409A168D1B86D72600D951B1 /* View */,
				409A168A1B86B92D00D951B1 /* model */,
				408DE8CD1B816DC6004C96A5 /* location */,
				4051A10C1B73605400D07DA5 /* YNNearbyViewController.swift */,
			);
			path = nearby;
			sourceTree = "<group>";
		};
		4051A1011B735F3C00D07DA5 /* tool */ = {
			isa = PBXGroup;
			children = (
				407C7B6D1B74A9A600B92F54 /* Macro.swift */,
				40F2EE8B1B785E1B00CB4569 /* tools.swift */,
				400C37991B79AD5400F815CC /* progressHUD.swift */,
				40210FDB1B7B2D7E004A6F8F /* Network.swift */,
				40F1C3B01B9553D6005A3BB4 /* Layout.swift */,
				40F1C3B21B95851A005A3BB4 /* Location.swift */,
			);
			path = tool;
			sourceTree = "<group>";
		};
		407C7B611B74497A00B92F54 /* controller */ = {
			isa = PBXGroup;
			children = (
				407C7B661B7449CA00B92F54 /* sign up and sign in */,
				407C7B621B74497A00B92F54 /* YNCycleRingViewController.swift */,
			);
			path = controller;
			sourceTree = "<group>";
		};
		407C7B631B74497A00B92F54 /* model */ = {
			isa = PBXGroup;
			children = (
			);
			path = model;
			sourceTree = "<group>";
		};
		407C7B641B74497A00B92F54 /* view */ = {
			isa = PBXGroup;
			children = (
				407C7B6B1B749CDB00B92F54 /* YNTestFiledExtension.swift */,
			);
			path = view;
			sourceTree = "<group>";
		};
		407C7B661B7449CA00B92F54 /* sign up and sign in */ = {
			isa = PBXGroup;
			children = (
				407C7B671B7449E800B92F54 /* YNSignUpViewController.swift */,
				407C7B691B744A1500B92F54 /* YNSignInViewController.swift */,
			);
			path = "sign up and sign in";
			sourceTree = "<group>";
		};
		408025881B9445510039ACD1 /* cycle view */ = {
			isa = PBXGroup;
			children = (
				408025891B9445510039ACD1 /* YNCycleCollectionViewCell.swift */,
				4080258A1B9445510039ACD1 /* YNCycleView.swift */,
			);
			path = "cycle view";
			sourceTree = "<group>";
		};
		4080258D1B94456D0039ACD1 /* order */ = {
			isa = PBXGroup;
			children = (
				4080258E1B94456D0039ACD1 /* YNOrderTableViewCell.swift */,
			);
			path = order;
			sourceTree = "<group>";
		};
		408DE8CD1B816DC6004C96A5 /* location */ = {
			isa = PBXGroup;
			children = (
				408DE8CE1B816DF5004C96A5 /* YNBaseAnnotation.swift */,
				408DE8CF1B816DF5004C96A5 /* YNCallOutAnnotation.swift */,
				408DE8D11B816DF5004C96A5 /* YNLocationAnnotation.swift */,
				408DE8D01B816DF5004C96A5 /* YNCallOutAnnotationView.swift */,
				409A16BE1B870EC900D951B1 /* YNCalloutContentView.swift */,
			);
			path = location;
			sourceTree = "<group>";
		};
		408E05491B7DD33E00E22980 /* Framework */ = {
			isa = PBXGroup;
			children = (
				408E05471B7DD2DB00E22980 /* CoreLocation.framework */,
				408E05451B7DD2C900E22980 /* MapKit.framework */,
			);
			path = Framework;
			sourceTree = "<group>";
		};
		409A168A1B86B92D00D951B1 /* model */ = {
			isa = PBXGroup;
			children = (
				409A168B1B86B97800D951B1 /* Restaurant.swift */,
			);
			path = model;
			sourceTree = "<group>";
		};
		409A168D1B86D72600D951B1 /* View */ = {
			isa = PBXGroup;
			children = (
				409A168E1B86D74D00D951B1 /* YNNearbyTitleView.swift */,
			);
			path = View;
			sourceTree = "<group>";
		};
		40AAEB2A1B9C2FBE009823C9 /* porterhouse */ = {
			isa = PBXGroup;
			children = (
				40AAEB2B1B9C2FBE009823C9 /* YNPorterhouseType.swift */,
				40AAEB2D1B9C2FDE009823C9 /* YNPorterhouseDish.swift */,
			);
			path = porterhouse;
			sourceTree = "<group>";
		};
		40AB8CA81B96935400C63F2D /* tempData */ = {
			isa = PBXGroup;
			children = (
				40AB8CA91B9693A000C63F2D /* dishs.plist */,
			);
			name = tempData;
			path = class/tempData;
			sourceTree = "<group>";
		};
		40AB8CAB1B96AD8700C63F2D /* porterhouse */ = {
			isa = PBXGroup;
			children = (
				404F56071BA28170009E841C /* detail */,
				404F56091BA28170009E841C /* order */,
				404F560D1BA28170009E841C /* valuation */,
				40AB8CAC1B96AED700C63F2D /* YNPorterhouseTopListView.swift */,
			);
			path = porterhouse;
			sourceTree = "<group>";
		};
/* End PBXGroup section */

/* Begin PBXNativeTarget section */
		4051A0CA1B734CDB00D07DA5 /* 2015-08-06 */ = {
			isa = PBXNativeTarget;
			buildConfigurationList = 4051A0EA1B734CDB00D07DA5 /* Build configuration list for PBXNativeTarget "2015-08-06" */;
			buildPhases = (
				4051A0C71B734CDB00D07DA5 /* Sources */,
				4051A0C81B734CDB00D07DA5 /* Frameworks */,
				4051A0C91B734CDB00D07DA5 /* Resources */,
			);
			buildRules = (
			);
			dependencies = (
			);
			name = "2015-08-06";
			productName = "2015-08-06";
			productReference = 4051A0CB1B734CDB00D07DA5 /* 2015-08-06.app */;
			productType = "com.apple.product-type.application";
		};
		4051A0DF1B734CDB00D07DA5 /* 2015-08-06Tests */ = {
			isa = PBXNativeTarget;
			buildConfigurationList = 4051A0ED1B734CDB00D07DA5 /* Build configuration list for PBXNativeTarget "2015-08-06Tests" */;
			buildPhases = (
				4051A0DC1B734CDB00D07DA5 /* Sources */,
				4051A0DD1B734CDB00D07DA5 /* Frameworks */,
				4051A0DE1B734CDB00D07DA5 /* Resources */,
			);
			buildRules = (
			);
			dependencies = (
				4051A0E21B734CDB00D07DA5 /* PBXTargetDependency */,
			);
			name = "2015-08-06Tests";
			productName = "2015-08-06Tests";
			productReference = 4051A0E01B734CDB00D07DA5 /* 2015-08-06Tests.xctest */;
			productType = "com.apple.product-type.bundle.unit-test";
		};
/* End PBXNativeTarget section */

/* Begin PBXProject section */
		4051A0C31B734CDB00D07DA5 /* Project object */ = {
			isa = PBXProject;
			attributes = {
				LastUpgradeCheck = 0640;
				ORGANIZATIONNAME = "农盟";
				TargetAttributes = {
					4051A0CA1B734CDB00D07DA5 = {
						CreatedOnToolsVersion = 6.4;
					};
					4051A0DF1B734CDB00D07DA5 = {
						CreatedOnToolsVersion = 6.4;
						TestTargetID = 4051A0CA1B734CDB00D07DA5;
					};
				};
			};
			buildConfigurationList = 4051A0C61B734CDB00D07DA5 /* Build configuration list for PBXProject "2015-08-06" */;
			compatibilityVersion = "Xcode 3.2";
			developmentRegion = English;
			hasScannedForEncodings = 0;
			knownRegions = (
				en,
				Base,
			);
			mainGroup = 4051A0C21B734CDB00D07DA5;
			productRefGroup = 4051A0CC1B734CDB00D07DA5 /* Products */;
			projectDirPath = "";
			projectRoot = "";
			targets = (
				4051A0CA1B734CDB00D07DA5 /* 2015-08-06 */,
				4051A0DF1B734CDB00D07DA5 /* 2015-08-06Tests */,
			);
		};
/* End PBXProject section */

/* Begin PBXResourcesBuildPhase section */
		4051A0C91B734CDB00D07DA5 /* Resources */ = {
			isa = PBXResourcesBuildPhase;
			buildActionMask = 2147483647;
			files = (
				40AB8CAA1B9693A000C63F2D /* dishs.plist in Resources */,
				4051A0D61B734CDB00D07DA5 /* Main.storyboard in Resources */,
				4051A0DB1B734CDB00D07DA5 /* LaunchScreen.xib in Resources */,
				4051A0D81B734CDB00D07DA5 /* Images.xcassets in Resources */,
			);
			runOnlyForDeploymentPostprocessing = 0;
		};
		4051A0DE1B734CDB00D07DA5 /* Resources */ = {
			isa = PBXResourcesBuildPhase;
			buildActionMask = 2147483647;
			files = (
			);
			runOnlyForDeploymentPostprocessing = 0;
		};
/* End PBXResourcesBuildPhase section */

/* Begin PBXSourcesBuildPhase section */
		4051A0C71B734CDB00D07DA5 /* Sources */ = {
			isa = PBXSourcesBuildPhase;
			buildActionMask = 2147483647;
			files = (
				407C7B651B74497A00B92F54 /* YNCycleRingViewController.swift in Sources */,
				404F56111BA28170009E841C /* YNPorterhouseOrderView.swift in Sources */,
				407C7B681B7449E800B92F54 /* YNSignUpViewController.swift in Sources */,
				40AAEB2C1B9C2FBE009823C9 /* YNPorterhouseType.swift in Sources */,
				404F56131BA28170009E841C /* YNPorterhouseValuationView.swift in Sources */,
				404F56121BA28170009E841C /* YNTypeTableViewCell.swift in Sources */,
				40210FDC1B7B2D7E004A6F8F /* Network.swift in Sources */,
				4023862B1B8EEF660071AF3B /* YNHomePageViewController.swift in Sources */,
				40AAEB2E1B9C2FDE009823C9 /* YNPorterhouseDish.swift in Sources */,
				4080258F1B94456D0039ACD1 /* YNOrderTableViewCell.swift in Sources */,
				407C7B6C1B749CDB00B92F54 /* YNTestFiledExtension.swift in Sources */,
				40F1C3B31B95851A005A3BB4 /* Location.swift in Sources */,
				400C379A1B79AD5400F815CC /* progressHUD.swift in Sources */,
				4051A0D31B734CDB00D07DA5 /* ViewController.swift in Sources */,
				404F56101BA28170009E841C /* YNDishTableViewCell.swift in Sources */,
				404F560F1BA28170009E841C /* YNPorterhouseDetailView.swift in Sources */,
				4051A1071B735FE300D07DA5 /* YNActivityViewController.swift in Sources */,
				40F1C3B51B95ADB7005A3BB4 /* YNPorterhouseViewController.swift in Sources */,
				4051A0F51B734E4B00D07DA5 /* YNRootTabBarController.swift in Sources */,
				404F56151BA281B2009E841C /* YNPriceView.swift in Sources */,
				408DE8D51B816DF5004C96A5 /* YNLocationAnnotation.swift in Sources */,
				40AB8CAD1B96AED700C63F2D /* YNPorterhouseTopListView.swift in Sources */,
				4051A0F71B734E7A00D07DA5 /* YNNavigationController.swift in Sources */,
				40F2EE8C1B785E1B00CB4569 /* tools.swift in Sources */,
				407C7B6E1B74A9A600B92F54 /* Macro.swift in Sources */,
				4051A0D11B734CDB00D07DA5 /* AppDelegate.swift in Sources */,
				408DE8D21B816DF5004C96A5 /* YNBaseAnnotation.swift in Sources */,
				4051A10B1B73603F00D07DA5 /* YNMeViewController.swift in Sources */,
				407C7B6A1B744A1500B92F54 /* YNSignInViewController.swift in Sources */,
				4080258C1B9445510039ACD1 /* YNCycleView.swift in Sources */,
				409A16BF1B870EC900D951B1 /* YNCalloutContentView.swift in Sources */,
				4051A10D1B73605400D07DA5 /* YNNearbyViewController.swift in Sources */,
				4080258B1B9445510039ACD1 /* YNCycleCollectionViewCell.swift in Sources */,
				409A168C1B86B97800D951B1 /* Restaurant.swift in Sources */,
				408025851B9440DC0039ACD1 /* YNOrderViewController.swift in Sources */,
				408DE8D31B816DF5004C96A5 /* YNCallOutAnnotation.swift in Sources */,
				40F1C3B11B9553D6005A3BB4 /* Layout.swift in Sources */,
				408DE8D41B816DF5004C96A5 /* YNCallOutAnnotationView.swift in Sources */,
				409A168F1B86D74D00D951B1 /* YNNearbyTitleView.swift in Sources */,
				404F56171BA28201009E841C /* YNCartView.swift in Sources */,
			);
			runOnlyForDeploymentPostprocessing = 0;
		};
		4051A0DC1B734CDB00D07DA5 /* Sources */ = {
			isa = PBXSourcesBuildPhase;
			buildActionMask = 2147483647;
			files = (
				4051A0E71B734CDB00D07DA5 /* _015_08_06Tests.swift in Sources */,
			);
			runOnlyForDeploymentPostprocessing = 0;
		};
/* End PBXSourcesBuildPhase section */

/* Begin PBXTargetDependency section */
		4051A0E21B734CDB00D07DA5 /* PBXTargetDependency */ = {
			isa = PBXTargetDependency;
			target = 4051A0CA1B734CDB00D07DA5 /* 2015-08-06 */;
			targetProxy = 4051A0E11B734CDB00D07DA5 /* PBXContainerItemProxy */;
		};
/* End PBXTargetDependency section */

/* Begin PBXVariantGroup section */
		4051A0D41B734CDB00D07DA5 /* Main.storyboard */ = {
			isa = PBXVariantGroup;
			children = (
				4051A0D51B734CDB00D07DA5 /* Base */,
			);
			name = Main.storyboard;
			sourceTree = "<group>";
		};
		4051A0D91B734CDB00D07DA5 /* LaunchScreen.xib */ = {
			isa = PBXVariantGroup;
			children = (
				4051A0DA1B734CDB00D07DA5 /* Base */,
			);
			name = LaunchScreen.xib;
			sourceTree = "<group>";
		};
/* End PBXVariantGroup section */

/* Begin XCBuildConfiguration section */
		4051A0E81B734CDB00D07DA5 /* Debug */ = {
			isa = XCBuildConfiguration;
			buildSettings = {
				ALWAYS_SEARCH_USER_PATHS = NO;
				CLANG_CXX_LANGUAGE_STANDARD = "gnu++0x";
				CLANG_CXX_LIBRARY = "libc++";
				CLANG_ENABLE_MODULES = YES;
				CLANG_ENABLE_OBJC_ARC = YES;
				CLANG_WARN_BOOL_CONVERSION = YES;
				CLANG_WARN_CONSTANT_CONVERSION = YES;
				CLANG_WARN_DIRECT_OBJC_ISA_USAGE = YES_ERROR;
				CLANG_WARN_EMPTY_BODY = YES;
				CLANG_WARN_ENUM_CONVERSION = YES;
				CLANG_WARN_INT_CONVERSION = YES;
				CLANG_WARN_OBJC_ROOT_CLASS = YES_ERROR;
				CLANG_WARN_UNREACHABLE_CODE = YES;
				CLANG_WARN__DUPLICATE_METHOD_MATCH = YES;
				"CODE_SIGN_IDENTITY[sdk=iphoneos*]" = "iPhone Developer";
				COPY_PHASE_STRIP = NO;
				DEBUG_INFORMATION_FORMAT = "dwarf-with-dsym";
				ENABLE_STRICT_OBJC_MSGSEND = YES;
				GCC_C_LANGUAGE_STANDARD = gnu99;
				GCC_DYNAMIC_NO_PIC = NO;
				GCC_NO_COMMON_BLOCKS = YES;
				GCC_OPTIMIZATION_LEVEL = 0;
				GCC_PREPROCESSOR_DEFINITIONS = (
					"DEBUG=1",
					"$(inherited)",
				);
				GCC_SYMBOLS_PRIVATE_EXTERN = NO;
				GCC_WARN_64_TO_32_BIT_CONVERSION = YES;
				GCC_WARN_ABOUT_RETURN_TYPE = YES_ERROR;
				GCC_WARN_UNDECLARED_SELECTOR = YES;
				GCC_WARN_UNINITIALIZED_AUTOS = YES_AGGRESSIVE;
				GCC_WARN_UNUSED_FUNCTION = YES;
				GCC_WARN_UNUSED_VARIABLE = YES;
				IPHONEOS_DEPLOYMENT_TARGET = 8.4;
				MTL_ENABLE_DEBUG_INFO = YES;
				ONLY_ACTIVE_ARCH = YES;
				SDKROOT = iphoneos;
				SWIFT_OPTIMIZATION_LEVEL = "-Onone";
				TARGETED_DEVICE_FAMILY = "1,2";
			};
			name = Debug;
		};
		4051A0E91B734CDB00D07DA5 /* Release */ = {
			isa = XCBuildConfiguration;
			buildSettings = {
				ALWAYS_SEARCH_USER_PATHS = NO;
				CLANG_CXX_LANGUAGE_STANDARD = "gnu++0x";
				CLANG_CXX_LIBRARY = "libc++";
				CLANG_ENABLE_MODULES = YES;
				CLANG_ENABLE_OBJC_ARC = YES;
				CLANG_WARN_BOOL_CONVERSION = YES;
				CLANG_WARN_CONSTANT_CONVERSION = YES;
				CLANG_WARN_DIRECT_OBJC_ISA_USAGE = YES_ERROR;
				CLANG_WARN_EMPTY_BODY = YES;
				CLANG_WARN_ENUM_CONVERSION = YES;
				CLANG_WARN_INT_CONVERSION = YES;
				CLANG_WARN_OBJC_ROOT_CLASS = YES_ERROR;
				CLANG_WARN_UNREACHABLE_CODE = YES;
				CLANG_WARN__DUPLICATE_METHOD_MATCH = YES;
				"CODE_SIGN_IDENTITY[sdk=iphoneos*]" = "iPhone Developer";
				COPY_PHASE_STRIP = NO;
				DEBUG_INFORMATION_FORMAT = "dwarf-with-dsym";
				ENABLE_NS_ASSERTIONS = NO;
				ENABLE_STRICT_OBJC_MSGSEND = YES;
				GCC_C_LANGUAGE_STANDARD = gnu99;
				GCC_NO_COMMON_BLOCKS = YES;
				GCC_WARN_64_TO_32_BIT_CONVERSION = YES;
				GCC_WARN_ABOUT_RETURN_TYPE = YES_ERROR;
				GCC_WARN_UNDECLARED_SELECTOR = YES;
				GCC_WARN_UNINITIALIZED_AUTOS = YES_AGGRESSIVE;
				GCC_WARN_UNUSED_FUNCTION = YES;
				GCC_WARN_UNUSED_VARIABLE = YES;
				IPHONEOS_DEPLOYMENT_TARGET = 8.4;
				MTL_ENABLE_DEBUG_INFO = NO;
				SDKROOT = iphoneos;
				TARGETED_DEVICE_FAMILY = "1,2";
				VALIDATE_PRODUCT = YES;
			};
			name = Release;
		};
		4051A0EB1B734CDB00D07DA5 /* Debug */ = {
			isa = XCBuildConfiguration;
			buildSettings = {
				ASSETCATALOG_COMPILER_APPICON_NAME = AppIcon;
				ASSETCATALOG_COMPILER_LAUNCHIMAGE_NAME = LaunchImage;
				GCC_PRECOMPILE_PREFIX_HEADER = NO;
				GCC_PREFIX_HEADER = "";
				INFOPLIST_FILE = "2015-08-06/Info.plist";
				IPHONEOS_DEPLOYMENT_TARGET = 7.0;
				LD_RUNPATH_SEARCH_PATHS = "$(inherited) @executable_path/Frameworks";
				PRODUCT_NAME = "$(TARGET_NAME)";
				SWIFT_INSTALL_OBJC_HEADER = NO;
				SWIFT_OBJC_BRIDGING_HEADER = "";
			};
			name = Debug;
		};
		4051A0EC1B734CDB00D07DA5 /* Release */ = {
			isa = XCBuildConfiguration;
			buildSettings = {
				ASSETCATALOG_COMPILER_APPICON_NAME = AppIcon;
				ASSETCATALOG_COMPILER_LAUNCHIMAGE_NAME = LaunchImage;
				GCC_PRECOMPILE_PREFIX_HEADER = NO;
				GCC_PREFIX_HEADER = "";
				INFOPLIST_FILE = "2015-08-06/Info.plist";
				IPHONEOS_DEPLOYMENT_TARGET = 7.0;
				LD_RUNPATH_SEARCH_PATHS = "$(inherited) @executable_path/Frameworks";
				PRODUCT_NAME = "$(TARGET_NAME)";
				SWIFT_INSTALL_OBJC_HEADER = NO;
				SWIFT_OBJC_BRIDGING_HEADER = "";
			};
			name = Release;
		};
		4051A0EE1B734CDB00D07DA5 /* Debug */ = {
			isa = XCBuildConfiguration;
			buildSettings = {
				BUNDLE_LOADER = "$(TEST_HOST)";
				FRAMEWORK_SEARCH_PATHS = (
					"$(SDKROOT)/Developer/Library/Frameworks",
					"$(inherited)",
				);
				GCC_PREPROCESSOR_DEFINITIONS = (
					"DEBUG=1",
					"$(inherited)",
				);
				INFOPLIST_FILE = "2015-08-06Tests/Info.plist";
				LD_RUNPATH_SEARCH_PATHS = "$(inherited) @executable_path/Frameworks @loader_path/Frameworks";
				PRODUCT_NAME = "$(TARGET_NAME)";
				TEST_HOST = "$(BUILT_PRODUCTS_DIR)/2015-08-06.app/2015-08-06";
			};
			name = Debug;
		};
		4051A0EF1B734CDB00D07DA5 /* Release */ = {
			isa = XCBuildConfiguration;
			buildSettings = {
				BUNDLE_LOADER = "$(TEST_HOST)";
				FRAMEWORK_SEARCH_PATHS = (
					"$(SDKROOT)/Developer/Library/Frameworks",
					"$(inherited)",
				);
				INFOPLIST_FILE = "2015-08-06Tests/Info.plist";
				LD_RUNPATH_SEARCH_PATHS = "$(inherited) @executable_path/Frameworks @loader_path/Frameworks";
				PRODUCT_NAME = "$(TARGET_NAME)";
				TEST_HOST = "$(BUILT_PRODUCTS_DIR)/2015-08-06.app/2015-08-06";
			};
			name = Release;
		};
/* End XCBuildConfiguration section */

/* Begin XCConfigurationList section */
		4051A0C61B734CDB00D07DA5 /* Build configuration list for PBXProject "2015-08-06" */ = {
			isa = XCConfigurationList;
			buildConfigurations = (
				4051A0E81B734CDB00D07DA5 /* Debug */,
				4051A0E91B734CDB00D07DA5 /* Release */,
			);
			defaultConfigurationIsVisible = 0;
			defaultConfigurationName = Release;
		};
		4051A0EA1B734CDB00D07DA5 /* Build configuration list for PBXNativeTarget "2015-08-06" */ = {
			isa = XCConfigurationList;
			buildConfigurations = (
				4051A0EB1B734CDB00D07DA5 /* Debug */,
				4051A0EC1B734CDB00D07DA5 /* Release */,
			);
			defaultConfigurationIsVisible = 0;
			defaultConfigurationName = Release;
		};
		4051A0ED1B734CDB00D07DA5 /* Build configuration list for PBXNativeTarget "2015-08-06Tests" */ = {
			isa = XCConfigurationList;
			buildConfigurations = (
				4051A0EE1B734CDB00D07DA5 /* Debug */,
				4051A0EF1B734CDB00D07DA5 /* Release */,
			);
			defaultConfigurationIsVisible = 0;
			defaultConfigurationName = Release;
		};
/* End XCConfigurationList section */
	};
	rootObject = 4051A0C31B734CDB00D07DA5 /* Project object */;
}
